
Microsoft Visual Studio Solution File, Format Version 12.00
# Visual Studio Version 17
VisualStudioVersion = 17.8.34408.163
MinimumVisualStudioVersion = 10.0.40219.1
Project("{FAE04EC0-301F-11D3-BF4B-00C04F79EFBC}") = "new form", "new form\new form.csproj", "{97EEF750-8356-4DE3-9414-CE0263ED9B9E}"
EndProject
Global
	GlobalSection(SolutionConfigurationPlatforms) = preSolution
		Debug|Any CPU = Debug|Any CPU
		Release|Any CPU = Release|Any CPU
	EndGlobalSection
	GlobalSection(ProjectConfigurationPlatforms) = postSolution
		{97EEF750-8356-4DE3-9414-CE0263ED9B9E}.Debug|Any CPU.ActiveCfg = Debug|Any CPU
		{97EEF750-8356-4DE3-9414-CE0263ED9B9E}.Debug|Any CPU.Build.0 = Debug|Any CPU
		{97EEF750-8356-4DE3-9414-CE0263ED9B9E}.Release|Any CPU.ActiveCfg = Release|Any CPU
		{97EEF750-8356-4DE3-9414-CE0263ED9B9E}.Release|Any CPU.Build.0 = Release|Any CPU
	EndGlobalSection
	GlobalSection(SolutionProperties) = preSolution
		HideSolutionNode = FALSE
	EndGlobalSection
	GlobalSection(ExtensibilityGlobals) = postSolution
		SolutionGuid = {EDD67C5D-D3FA-4F23-A367-744CCFF68223}
	EndGlobalSection
EndGlobal
